
Microsoft Visual Studio Solution File, Format Version 12.00
# Visual Studio Version 16
VisualStudioVersion = 16.0.29123.88
MinimumVisualStudioVersion = 10.0.40219.1
Project("{FAE04EC0-301F-11D3-BF4B-00C04F79EFBC}") = "BlowfishCSharp", "BlowfishCSharp\BlowfishCSharp.csproj", "{A5C6023F-806A-4BCF-9071-A5674E2F29BB}"
EndProject
Project("{9A19103F-16F7-4668-BE54-9A1E7A4F7556}") = "Cripto", "WebApplication1\Cripto.csproj", "{7FD3E7B6-000B-4D5C-8FAA-C13D209B3CC2}"
EndProject
Global
	GlobalSection(SolutionConfigurationPlatforms) = preSolution
		Debug|Any CPU = Debug|Any CPU
		Release|Any CPU = Release|Any CPU
	EndGlobalSection
	GlobalSection(ProjectConfigurationPlatforms) = postSolution
		{A5C6023F-806A-4BCF-9071-A5674E2F29BB}.Debug|Any CPU.ActiveCfg = Debug|Any CPU
		{A5C6023F-806A-4BCF-9071-A5674E2F29BB}.Debug|Any CPU.Build.0 = Debug|Any CPU
		{A5C6023F-806A-4BCF-9071-A5674E2F29BB}.Release|Any CPU.ActiveCfg = Release|Any CPU
		{A5C6023F-806A-4BCF-9071-A5674E2F29BB}.Release|Any CPU.Build.0 = Release|Any CPU
		{7FD3E7B6-000B-4D5C-8FAA-C13D209B3CC2}.Debug|Any CPU.ActiveCfg = Debug|Any CPU
		{7FD3E7B6-000B-4D5C-8FAA-C13D209B3CC2}.Debug|Any CPU.Build.0 = Debug|Any CPU
		{7FD3E7B6-000B-4D5C-8FAA-C13D209B3CC2}.Release|Any CPU.ActiveCfg = Release|Any CPU
		{7FD3E7B6-000B-4D5C-8FAA-C13D209B3CC2}.Release|Any CPU.Build.0 = Release|Any CPU
	EndGlobalSection
	GlobalSection(SolutionProperties) = preSolution
		HideSolutionNode = FALSE
	EndGlobalSection
	GlobalSection(ExtensibilityGlobals) = postSolution
		SolutionGuid = {C4269DFE-977A-4D78-A10F-F17F7F4B2F86}
	EndGlobalSection
EndGlobal
